
Microsoft Visual Studio Solution File, Format Version 12.00
# Visual Studio 15
VisualStudioVersion = 15.0.28307.2017
MinimumVisualStudioVersion = 10.0.40219.1
Project("{FAE04EC0-301F-11D3-BF4B-00C04F79EFBC}") = "SendMessages", "SendMessages\SendMessages.csproj", "{FC0B7E4B-B89B-4543-96F4-D272EFF8F603}"
EndProject
Global
	GlobalSection(SolutionConfigurationPlatforms) = preSolution
		Debug|Any CPU = Debug|Any CPU
		Release|Any CPU = Release|Any CPU
	EndGlobalSection
	GlobalSection(ProjectConfigurationPlatforms) = postSolution
		{FC0B7E4B-B89B-4543-96F4-D272EFF8F603}.Debug|Any CPU.ActiveCfg = Debug|Any CPU
		{FC0B7E4B-B89B-4543-96F4-D272EFF8F603}.Debug|Any CPU.Build.0 = Debug|Any CPU
		{FC0B7E4B-B89B-4543-96F4-D272EFF8F603}.Release|Any CPU.ActiveCfg = Release|Any CPU
		{FC0B7E4B-B89B-4543-96F4-D272EFF8F603}.Release|Any CPU.Build.0 = Release|Any CPU
	EndGlobalSection
	GlobalSection(SolutionProperties) = preSolution
		HideSolutionNode = FALSE
	EndGlobalSection
	GlobalSection(ExtensibilityGlobals) = postSolution
		SolutionGuid = {09DE873A-C077-418F-A47B-0FEC19005D54}
	EndGlobalSection
EndGlobal
